// !$*UTF8*$!
{
	archiveVersion = 1;
	classes = {
	};
	objectVersion = 46;
	objects = {

/* Begin PBXBuildFile section */
		AEF2ACC318BA990E000B2187 /* Foundation.framework in Frameworks */ = {isa = PBXBuildFile; fileRef = AEF2ACC218BA990E000B2187 /* Foundation.framework */; };
		AEF2ACC518BA990E000B2187 /* CoreGraphics.framework in Frameworks */ = {isa = PBXBuildFile; fileRef = AEF2ACC418BA990E000B2187 /* CoreGraphics.framework */; };
		AEF2ACC718BA990E000B2187 /* UIKit.framework in Frameworks */ = {isa = PBXBuildFile; fileRef = AEF2ACC618BA990E000B2187 /* UIKit.framework */; };
		AEF2ACCD18BA990E000B2187 /* InfoPlist.strings in Resources */ = {isa = PBXBuildFile; fileRef = AEF2ACCB18BA990E000B2187 /* InfoPlist.strings */; };
		AEF2ACCF18BA990E000B2187 /* main.m in Sources */ = {isa = PBXBuildFile; fileRef = AEF2ACCE18BA990E000B2187 /* main.m */; };
		AEF2ACD318BA990E000B2187 /* EPPZAppDelegate.m in Sources */ = {isa = PBXBuildFile; fileRef = AEF2ACD218BA990E000B2187 /* EPPZAppDelegate.m */; };
		AEF2ACD618BA990E000B2187 /* Main_iPhone.storyboard in Resources */ = {isa = PBXBuildFile; fileRef = AEF2ACD418BA990E000B2187 /* Main_iPhone.storyboard */; };
		AEF2ACDC18BA990E000B2187 /* EPPZViewController.m in Sources */ = {isa = PBXBuildFile; fileRef = AEF2ACDB18BA990E000B2187 /* EPPZViewController.m */; };
		AEF2ACDE18BA990E000B2187 /* Images.xcassets in Resources */ = {isa = PBXBuildFile; fileRef = AEF2ACDD18BA990E000B2187 /* Images.xcassets */; };
		AEF2ACFC18BA997E000B2187 /* EPPZSpriteKitView.m in Sources */ = {isa = PBXBuildFile; fileRef = AEF2ACFB18BA997E000B2187 /* EPPZSpriteKitView.m */; };
		AEF2ACFE18BA99EF000B2187 /* SpriteKit.framework in Frameworks */ = {isa = PBXBuildFile; fileRef = AEF2ACFD18BA99EF000B2187 /* SpriteKit.framework */; };
		AEF2AD0318BA9A55000B2187 /* EPPZSceneSimple.m in Sources */ = {isa = PBXBuildFile; fileRef = AEF2AD0218BA9A55000B2187 /* EPPZSceneSimple.m */; };
		AEF2AD0818BA9B82000B2187 /* EPPZTools.m in Sources */ = {isa = PBXBuildFile; fileRef = AEF2AD0718BA9B82000B2187 /* EPPZTools.m */; };
		AEF2AD0C18BA9C53000B2187 /* UIColor+EPPZKit.m in Sources */ = {isa = PBXBuildFile; fileRef = AEF2AD0B18BA9C53000B2187 /* UIColor+EPPZKit.m */; };
		AEF2AD1018BA9C84000B2187 /* UIColor+EPPZ.m in Sources */ = {isa = PBXBuildFile; fileRef = AEF2AD0F18BA9C84000B2187 /* UIColor+EPPZ.m */; };
		AEF2AD1618BA9D20000B2187 /* EPPZGeometry.m in Sources */ = {isa = PBXBuildFile; fileRef = AEF2AD1518BA9D20000B2187 /* EPPZGeometry.m */; };
		AEF2AD1918BA9D33000B2187 /* EPPZRandom.m in Sources */ = {isa = PBXBuildFile; fileRef = AEF2AD1818BA9D33000B2187 /* EPPZRandom.m */; };
		AEF2AD1C18BA9EC7000B2187 /* EPPZSceneWithPhysics.m in Sources */ = {isa = PBXBuildFile; fileRef = AEF2AD1B18BA9EC7000B2187 /* EPPZSceneWithPhysics.m */; };
		AEF2AD2018BAA14E000B2187 /* EPPZSceneSubclassing.m in Sources */ = {isa = PBXBuildFile; fileRef = AEF2AD1F18BAA14E000B2187 /* EPPZSceneSubclassing.m */; };
		AEF2AD2818BAA6C3000B2187 /* EPPZSceneBindTouch.m in Sources */ = {isa = PBXBuildFile; fileRef = AEF2AD2718BAA6C3000B2187 /* EPPZSceneBindTouch.m */; };
		AEF2AD2C18BAB005000B2187 /* EPPZSceneMultitouch.m in Sources */ = {isa = PBXBuildFile; fileRef = AEF2AD2B18BAB005000B2187 /* EPPZSceneMultitouch.m */; };
		AEF2AD3118BAB067000B2187 /* EPPZDraggableShapeNode.m in Sources */ = {isa = PBXBuildFile; fileRef = AEF2AD3018BAB067000B2187 /* EPPZDraggableShapeNode.m */; };
		AEF2AD3318BABB85000B2187 /* README.md in Resources */ = {isa = PBXBuildFile; fileRef = AEF2AD3218BABB85000B2187 /* README.md */; };
/* End PBXBuildFile section */

/* Begin PBXFileReference section */
		AEF2ACBF18BA990E000B2187 /* SpriteKitDrag.app */ = {isa = PBXFileReference; explicitFileType = wrapper.application; includeInIndex = 0; path = SpriteKitDrag.app; sourceTree = BUILT_PRODUCTS_DIR; };
		AEF2ACC218BA990E000B2187 /* Foundation.framework */ = {isa = PBXFileReference; lastKnownFileType = wrapper.framework; name = Foundation.framework; path = System/Library/Frameworks/Foundation.framework; sourceTree = SDKROOT; };
		AEF2ACC418BA990E000B2187 /* CoreGraphics.framework */ = {isa = PBXFileReference; lastKnownFileType = wrapper.framework; name = CoreGraphics.framework; path = System/Library/Frameworks/CoreGraphics.framework; sourceTree = SDKROOT; };
		AEF2ACC618BA990E000B2187 /* UIKit.framework */ = {isa = PBXFileReference; lastKnownFileType = wrapper.framework; name = UIKit.framework; path = System/Library/Frameworks/UIKit.framework; sourceTree = SDKROOT; };
		AEF2ACCA18BA990E000B2187 /* SpriteKitDrag-Info.plist */ = {isa = PBXFileReference; lastKnownFileType = text.plist.xml; path = "SpriteKitDrag-Info.plist"; sourceTree = "<group>"; };
		AEF2ACCC18BA990E000B2187 /* en */ = {isa = PBXFileReference; lastKnownFileType = text.plist.strings; name = en; path = en.lproj/InfoPlist.strings; sourceTree = "<group>"; };
		AEF2ACCE18BA990E000B2187 /* main.m */ = {isa = PBXFileReference; lastKnownFileType = sourcecode.c.objc; path = main.m; sourceTree = "<group>"; };
		AEF2ACD018BA990E000B2187 /* SpriteKitDrag-Prefix.pch */ = {isa = PBXFileReference; lastKnownFileType = sourcecode.c.h; path = "SpriteKitDrag-Prefix.pch"; sourceTree = "<group>"; };
		AEF2ACD118BA990E000B2187 /* EPPZAppDelegate.h */ = {isa = PBXFileReference; lastKnownFileType = sourcecode.c.h; path = EPPZAppDelegate.h; sourceTree = "<group>"; };
		AEF2ACD218BA990E000B2187 /* EPPZAppDelegate.m */ = {isa = PBXFileReference; lastKnownFileType = sourcecode.c.objc; path = EPPZAppDelegate.m; sourceTree = "<group>"; };
		AEF2ACD518BA990E000B2187 /* Base */ = {isa = PBXFileReference; lastKnownFileType = file.storyboard; name = Base; path = Base.lproj/Main_iPhone.storyboard; sourceTree = "<group>"; };
		AEF2ACDA18BA990E000B2187 /* EPPZViewController.h */ = {isa = PBXFileReference; lastKnownFileType = sourcecode.c.h; path = EPPZViewController.h; sourceTree = "<group>"; };
		AEF2ACDB18BA990E000B2187 /* EPPZViewController.m */ = {isa = PBXFileReference; lastKnownFileType = sourcecode.c.objc; path = EPPZViewController.m; sourceTree = "<group>"; };
		AEF2ACDD18BA990E000B2187 /* Images.xcassets */ = {isa = PBXFileReference; lastKnownFileType = folder.assetcatalog; path = Images.xcassets; sourceTree = "<group>"; };
		AEF2ACE418BA990E000B2187 /* XCTest.framework */ = {isa = PBXFileReference; lastKnownFileType = wrapper.framework; name = XCTest.framework; path = Library/Frameworks/XCTest.framework; sourceTree = DEVELOPER_DIR; };
		AEF2ACFA18BA997E000B2187 /* EPPZSpriteKitView.h */ = {isa = PBXFileReference; fileEncoding = 4; lastKnownFileType = sourcecode.c.h; path = EPPZSpriteKitView.h; sourceTree = "<group>"; };
		AEF2ACFB18BA997E000B2187 /* EPPZSpriteKitView.m */ = {isa = PBXFileReference; fileEncoding = 4; lastKnownFileType = sourcecode.c.objc; path = EPPZSpriteKitView.m; sourceTree = "<group>"; };
		AEF2ACFD18BA99EF000B2187 /* SpriteKit.framework */ = {isa = PBXFileReference; lastKnownFileType = wrapper.framework; name = SpriteKit.framework; path = System/Library/Frameworks/SpriteKit.framework; sourceTree = SDKROOT; };
		AEF2AD0118BA9A55000B2187 /* EPPZSceneSimple.h */ = {isa = PBXFileReference; fileEncoding = 4; lastKnownFileType = sourcecode.c.h; path = EPPZSceneSimple.h; sourceTree = "<group>"; };
		AEF2AD0218BA9A55000B2187 /* EPPZSceneSimple.m */ = {isa = PBXFileReference; fileEncoding = 4; lastKnownFileType = sourcecode.c.objc; path = EPPZSceneSimple.m; sourceTree = "<group>"; };
		AEF2AD0618BA9B82000B2187 /* EPPZTools.h */ = {isa = PBXFileReference; fileEncoding = 4; lastKnownFileType = sourcecode.c.h; path = EPPZTools.h; sourceTree = "<group>"; };
		AEF2AD0718BA9B82000B2187 /* EPPZTools.m */ = {isa = PBXFileReference; fileEncoding = 4; lastKnownFileType = sourcecode.c.objc; path = EPPZTools.m; sourceTree = "<group>"; };
		AEF2AD0918BA9B8C000B2187 /* EPPZKit.h */ = {isa = PBXFileReference; lastKnownFileType = sourcecode.c.h; path = EPPZKit.h; sourceTree = "<group>"; };
		AEF2AD0A18BA9C53000B2187 /* UIColor+EPPZKit.h */ = {isa = PBXFileReference; fileEncoding = 4; lastKnownFileType = sourcecode.c.h; path = "UIColor+EPPZKit.h"; sourceTree = "<group>"; };
		AEF2AD0B18BA9C53000B2187 /* UIColor+EPPZKit.m */ = {isa = PBXFileReference; fileEncoding = 4; lastKnownFileType = sourcecode.c.objc; path = "UIColor+EPPZKit.m"; sourceTree = "<group>"; };
		AEF2AD0E18BA9C84000B2187 /* UIColor+EPPZ.h */ = {isa = PBXFileReference; fileEncoding = 4; lastKnownFileType = sourcecode.c.h; path = "UIColor+EPPZ.h"; sourceTree = "<group>"; };
		AEF2AD0F18BA9C84000B2187 /* UIColor+EPPZ.m */ = {isa = PBXFileReference; fileEncoding = 4; lastKnownFileType = sourcecode.c.objc; path = "UIColor+EPPZ.m"; sourceTree = "<group>"; };
		AEF2AD1418BA9D20000B2187 /* EPPZGeometry.h */ = {isa = PBXFileReference; fileEncoding = 4; lastKnownFileType = sourcecode.c.h; path = EPPZGeometry.h; sourceTree = "<group>"; };
		AEF2AD1518BA9D20000B2187 /* EPPZGeometry.m */ = {isa = PBXFileReference; fileEncoding = 4; lastKnownFileType = sourcecode.c.objc; path = EPPZGeometry.m; sourceTree = "<group>"; };
		AEF2AD1718BA9D33000B2187 /* EPPZRandom.h */ = {isa = PBXFileReference; fileEncoding = 4; lastKnownFileType = sourcecode.c.h; path = EPPZRandom.h; sourceTree = "<group>"; };
		AEF2AD1818BA9D33000B2187 /* EPPZRandom.m */ = {isa = PBXFileReference; fileEncoding = 4; lastKnownFileType = sourcecode.c.objc; path = EPPZRandom.m; sourceTree = "<group>"; };
		AEF2AD1A18BA9EC7000B2187 /* EPPZSceneWithPhysics.h */ = {isa = PBXFileReference; fileEncoding = 4; lastKnownFileType = sourcecode.c.h; path = EPPZSceneWithPhysics.h; sourceTree = "<group>"; };
		AEF2AD1B18BA9EC7000B2187 /* EPPZSceneWithPhysics.m */ = {isa = PBXFileReference; fileEncoding = 4; lastKnownFileType = sourcecode.c.objc; path = EPPZSceneWithPhysics.m; sourceTree = "<group>"; };
		AEF2AD1E18BAA14E000B2187 /* EPPZSceneSubclassing.h */ = {isa = PBXFileReference; fileEncoding = 4; lastKnownFileType = sourcecode.c.h; path = EPPZSceneSubclassing.h; sourceTree = "<group>"; };
		AEF2AD1F18BAA14E000B2187 /* EPPZSceneSubclassing.m */ = {isa = PBXFileReference; fileEncoding = 4; lastKnownFileType = sourcecode.c.objc; path = EPPZSceneSubclassing.m; sourceTree = "<group>"; };
		AEF2AD2618BAA6C3000B2187 /* EPPZSceneBindTouch.h */ = {isa = PBXFileReference; fileEncoding = 4; lastKnownFileType = sourcecode.c.h; path = EPPZSceneBindTouch.h; sourceTree = "<group>"; };
		AEF2AD2718BAA6C3000B2187 /* EPPZSceneBindTouch.m */ = {isa = PBXFileReference; fileEncoding = 4; lastKnownFileType = sourcecode.c.objc; path = EPPZSceneBindTouch.m; sourceTree = "<group>"; };
		AEF2AD2A18BAB005000B2187 /* EPPZSceneMultitouch.h */ = {isa = PBXFileReference; fileEncoding = 4; lastKnownFileType = sourcecode.c.h; path = EPPZSceneMultitouch.h; sourceTree = "<group>"; };
		AEF2AD2B18BAB005000B2187 /* EPPZSceneMultitouch.m */ = {isa = PBXFileReference; fileEncoding = 4; lastKnownFileType = sourcecode.c.objc; path = EPPZSceneMultitouch.m; sourceTree = "<group>"; };
		AEF2AD2F18BAB067000B2187 /* EPPZDraggableShapeNode.h */ = {isa = PBXFileReference; fileEncoding = 4; lastKnownFileType = sourcecode.c.h; path = EPPZDraggableShapeNode.h; sourceTree = "<group>"; };
		AEF2AD3018BAB067000B2187 /* EPPZDraggableShapeNode.m */ = {isa = PBXFileReference; fileEncoding = 4; lastKnownFileType = sourcecode.c.objc; path = EPPZDraggableShapeNode.m; sourceTree = "<group>"; };
		AEF2AD3218BABB85000B2187 /* README.md */ = {isa = PBXFileReference; fileEncoding = 4; lastKnownFileType = text; path = README.md; sourceTree = "<group>"; };
/* End PBXFileReference section */

/* Begin PBXFrameworksBuildPhase section */
		AEF2ACBC18BA990E000B2187 /* Frameworks */ = {
			isa = PBXFrameworksBuildPhase;
			buildActionMask = 2147483647;
			files = (
				AEF2ACFE18BA99EF000B2187 /* SpriteKit.framework in Frameworks */,
				AEF2ACC518BA990E000B2187 /* CoreGraphics.framework in Frameworks */,
				AEF2ACC718BA990E000B2187 /* UIKit.framework in Frameworks */,
				AEF2ACC318BA990E000B2187 /* Foundation.framework in Frameworks */,
			);
			runOnlyForDeploymentPostprocessing = 0;
		};
/* End PBXFrameworksBuildPhase section */

/* Begin PBXGroup section */
		AEF2ACB618BA990E000B2187 = {
			isa = PBXGroup;
			children = (
				AEF2AD3218BABB85000B2187 /* README.md */,
				AEF2ACC818BA990E000B2187 /* SpriteKitDrag */,
				AEF2ACC118BA990E000B2187 /* Frameworks */,
				AEF2ACC018BA990E000B2187 /* Products */,
			);
			sourceTree = "<group>";
		};
		AEF2ACC018BA990E000B2187 /* Products */ = {
			isa = PBXGroup;
			children = (
				AEF2ACBF18BA990E000B2187 /* SpriteKitDrag.app */,
			);
			name = Products;
			sourceTree = "<group>";
		};
		AEF2ACC118BA990E000B2187 /* Frameworks */ = {
			isa = PBXGroup;
			children = (
				AEF2ACFD18BA99EF000B2187 /* SpriteKit.framework */,
				AEF2ACC218BA990E000B2187 /* Foundation.framework */,
				AEF2ACC418BA990E000B2187 /* CoreGraphics.framework */,
				AEF2ACC618BA990E000B2187 /* UIKit.framework */,
				AEF2ACE418BA990E000B2187 /* XCTest.framework */,
			);
			name = Frameworks;
			sourceTree = "<group>";
		};
		AEF2ACC818BA990E000B2187 /* SpriteKitDrag */ = {
			isa = PBXGroup;
			children = (
				AEF2ACD118BA990E000B2187 /* EPPZAppDelegate.h */,
				AEF2ACD218BA990E000B2187 /* EPPZAppDelegate.m */,
				AEF2ACFF18BA99FC000B2187 /* Main */,
				AEF2ACDD18BA990E000B2187 /* Images.xcassets */,
				AEF2ACC918BA990E000B2187 /* Supporting Files */,
			);
			path = SpriteKitDrag;
			sourceTree = "<group>";
		};
		AEF2ACC918BA990E000B2187 /* Supporting Files */ = {
			isa = PBXGroup;
			children = (
				AEF2ACCA18BA990E000B2187 /* SpriteKitDrag-Info.plist */,
				AEF2ACCB18BA990E000B2187 /* InfoPlist.strings */,
				AEF2ACCE18BA990E000B2187 /* main.m */,
				AEF2ACD018BA990E000B2187 /* SpriteKitDrag-Prefix.pch */,
			);
			name = "Supporting Files";
			sourceTree = "<group>";
		};
		AEF2ACFF18BA99FC000B2187 /* Main */ = {
			isa = PBXGroup;
			children = (
				AEF2AD0518BA9B6B000B2187 /* EPPZKit (copy) */,
				AEF2ACDA18BA990E000B2187 /* EPPZViewController.h */,
				AEF2ACDB18BA990E000B2187 /* EPPZViewController.m */,
				AEF2ACD418BA990E000B2187 /* Main_iPhone.storyboard */,
				AEF2AD0018BA9A06000B2187 /* SpriteKit view */,
			);
			name = Main;
			sourceTree = "<group>";
		};
		AEF2AD0018BA9A06000B2187 /* SpriteKit view */ = {
			isa = PBXGroup;
			children = (
				AEF2AD0D18BA9C69000B2187 /* Colors */,
				AEF2ACFA18BA997E000B2187 /* EPPZSpriteKitView.h */,
				AEF2ACFB18BA997E000B2187 /* EPPZSpriteKitView.m */,
				AEF2AD0418BA9A58000B2187 /* Simple */,
				AEF2AD1D18BA9ECA000B2187 /* With physics */,
				AEF2AD2118BAA151000B2187 /* Subclassing SKNode */,
				AEF2AD2918BAA6C6000B2187 /* Bind touch */,
				AEF2AD2D18BAB00A000B2187 /* Multitouch */,
			);
			name = "SpriteKit view";
			sourceTree = "<group>";
		};
		AEF2AD0418BA9A58000B2187 /* Simple */ = {
			isa = PBXGroup;
			children = (
				AEF2AD0118BA9A55000B2187 /* EPPZSceneSimple.h */,
				AEF2AD0218BA9A55000B2187 /* EPPZSceneSimple.m */,
			);
			name = Simple;
			sourceTree = "<group>";
		};
		AEF2AD0518BA9B6B000B2187 /* EPPZKit (copy) */ = {
			isa = PBXGroup;
			children = (
				AEF2AD0918BA9B8C000B2187 /* EPPZKit.h */,
				AEF2AD0618BA9B82000B2187 /* EPPZTools.h */,
				AEF2AD0718BA9B82000B2187 /* EPPZTools.m */,
				AEF2AD1718BA9D33000B2187 /* EPPZRandom.h */,
				AEF2AD1818BA9D33000B2187 /* EPPZRandom.m */,
				AEF2AD1418BA9D20000B2187 /* EPPZGeometry.h */,
				AEF2AD1518BA9D20000B2187 /* EPPZGeometry.m */,
				AEF2AD0A18BA9C53000B2187 /* UIColor+EPPZKit.h */,
				AEF2AD0B18BA9C53000B2187 /* UIColor+EPPZKit.m */,
			);
			name = "EPPZKit (copy)";
			sourceTree = "<group>";
		};
		AEF2AD0D18BA9C69000B2187 /* Colors */ = {
			isa = PBXGroup;
			children = (
				AEF2AD0E18BA9C84000B2187 /* UIColor+EPPZ.h */,
				AEF2AD0F18BA9C84000B2187 /* UIColor+EPPZ.m */,
			);
			name = Colors;
			sourceTree = "<group>";
		};
		AEF2AD1D18BA9ECA000B2187 /* With physics */ = {
			isa = PBXGroup;
			children = (
				AEF2AD1A18BA9EC7000B2187 /* EPPZSceneWithPhysics.h */,
				AEF2AD1B18BA9EC7000B2187 /* EPPZSceneWithPhysics.m */,
			);
			name = "With physics";
			sourceTree = "<group>";
		};
		AEF2AD2118BAA151000B2187 /* Subclassing SKNode */ = {
			isa = PBXGroup;
			children = (
				AEF2AD1E18BAA14E000B2187 /* EPPZSceneSubclassing.h */,
				AEF2AD1F18BAA14E000B2187 /* EPPZSceneSubclassing.m */,
			);
			name = "Subclassing SKNode";
			sourceTree = "<group>";
		};
		AEF2AD2918BAA6C6000B2187 /* Bind touch */ = {
			isa = PBXGroup;
			children = (
				AEF2AD2E18BAB054000B2187 /* Draggable shape node */,
				AEF2AD2618BAA6C3000B2187 /* EPPZSceneBindTouch.h */,
				AEF2AD2718BAA6C3000B2187 /* EPPZSceneBindTouch.m */,
			);
			name = "Bind touch";
			sourceTree = "<group>";
		};
		AEF2AD2D18BAB00A000B2187 /* Multitouch */ = {
			isa = PBXGroup;
			children = (
				AEF2AD2A18BAB005000B2187 /* EPPZSceneMultitouch.h */,
				AEF2AD2B18BAB005000B2187 /* EPPZSceneMultitouch.m */,
			);
			name = Multitouch;
			sourceTree = "<group>";
		};
		AEF2AD2E18BAB054000B2187 /* Draggable shape node */ = {
			isa = PBXGroup;
			children = (
				AEF2AD2F18BAB067000B2187 /* EPPZDraggableShapeNode.h */,
				AEF2AD3018BAB067000B2187 /* EPPZDraggableShapeNode.m */,
			);
			name = "Draggable shape node";
			sourceTree = "<group>";
		};
/* End PBXGroup section */

/* Begin PBXNativeTarget section */
		AEF2ACBE18BA990E000B2187 /* SpriteKitDrag */ = {
			isa = PBXNativeTarget;
			buildConfigurationList = AEF2ACF418BA990E000B2187 /* Build configuration list for PBXNativeTarget "SpriteKitDrag" */;
			buildPhases = (
				AEF2ACBB18BA990E000B2187 /* Sources */,
				AEF2ACBC18BA990E000B2187 /* Frameworks */,
				AEF2ACBD18BA990E000B2187 /* Resources */,
			);
			buildRules = (
			);
			dependencies = (
			);
			name = SpriteKitDrag;
			productName = SpriteKitDrag;
			productReference = AEF2ACBF18BA990E000B2187 /* SpriteKitDrag.app */;
			productType = "com.apple.product-type.application";
		};
/* End PBXNativeTarget section */

/* Begin PBXProject section */
		AEF2ACB718BA990E000B2187 /* Project object */ = {
			isa = PBXProject;
			attributes = {
				CLASSPREFIX = EPPZ;
				LastUpgradeCheck = 0500;
				ORGANIZATIONNAME = "eppz! development, LLC";
			};
			buildConfigurationList = AEF2ACBA18BA990E000B2187 /* Build configuration list for PBXProject "SpriteKitDrag" */;
			compatibilityVersion = "Xcode 3.2";
			developmentRegion = English;
			hasScannedForEncodings = 0;
			knownRegions = (
				en,
				Base,
			);
			mainGroup = AEF2ACB618BA990E000B2187;
			productRefGroup = AEF2ACC018BA990E000B2187 /* Products */;
			projectDirPath = "";
			projectRoot = "";
			targets = (
				AEF2ACBE18BA990E000B2187 /* SpriteKitDrag */,
			);
		};
/* End PBXProject section */

/* Begin PBXResourcesBuildPhase section */
		AEF2ACBD18BA990E000B2187 /* Resources */ = {
			isa = PBXResourcesBuildPhase;
			buildActionMask = 2147483647;
			files = (
				AEF2ACDE18BA990E000B2187 /* Images.xcassets in Resources */,
				AEF2ACD618BA990E000B2187 /* Main_iPhone.storyboard in Resources */,
				AEF2AD3318BABB85000B2187 /* README.md in Resources */,
				AEF2ACCD18BA990E000B2187 /* InfoPlist.strings in Resources */,
			);
			runOnlyForDeploymentPostprocessing = 0;
		};
/* End PBXResourcesBuildPhase section */

/* Begin PBXSourcesBuildPhase section */
		AEF2ACBB18BA990E000B2187 /* Sources */ = {
			isa = PBXSourcesBuildPhase;
			buildActionMask = 2147483647;
			files = (
				AEF2AD3118BAB067000B2187 /* EPPZDraggableShapeNode.m in Sources */,
				AEF2AD2018BAA14E000B2187 /* EPPZSceneSubclassing.m in Sources */,
				AEF2AD1018BA9C84000B2187 /* UIColor+EPPZ.m in Sources */,
				AEF2AD1618BA9D20000B2187 /* EPPZGeometry.m in Sources */,
				AEF2AD0C18BA9C53000B2187 /* UIColor+EPPZKit.m in Sources */,
				AEF2AD1C18BA9EC7000B2187 /* EPPZSceneWithPhysics.m in Sources */,
				AEF2AD2C18BAB005000B2187 /* EPPZSceneMultitouch.m in Sources */,
				AEF2AD1918BA9D33000B2187 /* EPPZRandom.m in Sources */,
				AEF2AD0818BA9B82000B2187 /* EPPZTools.m in Sources */,
				AEF2ACCF18BA990E000B2187 /* main.m in Sources */,
				AEF2AD0318BA9A55000B2187 /* EPPZSceneSimple.m in Sources */,
				AEF2AD2818BAA6C3000B2187 /* EPPZSceneBindTouch.m in Sources */,
				AEF2ACD318BA990E000B2187 /* EPPZAppDelegate.m in Sources */,
				AEF2ACDC18BA990E000B2187 /* EPPZViewController.m in Sources */,
				AEF2ACFC18BA997E000B2187 /* EPPZSpriteKitView.m in Sources */,
			);
			runOnlyForDeploymentPostprocessing = 0;
		};
/* End PBXSourcesBuildPhase section */

/* Begin PBXVariantGroup section */
		AEF2ACCB18BA990E000B2187 /* InfoPlist.strings */ = {
			isa = PBXVariantGroup;
			children = (
				AEF2ACCC18BA990E000B2187 /* en */,
			);
			name = InfoPlist.strings;
			sourceTree = "<group>";
		};
		AEF2ACD418BA990E000B2187 /* Main_iPhone.storyboard */ = {
			isa = PBXVariantGroup;
			children = (
				AEF2ACD518BA990E000B2187 /* Base */,
			);
			name = Main_iPhone.storyboard;
			sourceTree = "<group>";
		};
/* End PBXVariantGroup section */

/* Begin XCBuildConfiguration section */
		AEF2ACF218BA990E000B2187 /* Debug */ = {
			isa = XCBuildConfiguration;
			buildSettings = {
				ALWAYS_SEARCH_USER_PATHS = NO;
				ARCHS = "$(ARCHS_STANDARD_INCLUDING_64_BIT)";
				CLANG_CXX_LANGUAGE_STANDARD = "gnu++0x";
				CLANG_CXX_LIBRARY = "libc++";
				CLANG_ENABLE_MODULES = YES;
				CLANG_ENABLE_OBJC_ARC = YES;
				CLANG_WARN_BOOL_CONVERSION = YES;
				CLANG_WARN_CONSTANT_CONVERSION = YES;
				CLANG_WARN_DIRECT_OBJC_ISA_USAGE = YES_ERROR;
				CLANG_WARN_EMPTY_BODY = YES;
				CLANG_WARN_ENUM_CONVERSION = YES;
				CLANG_WARN_INT_CONVERSION = YES;
				CLANG_WARN_OBJC_ROOT_CLASS = YES_ERROR;
				CLANG_WARN__DUPLICATE_METHOD_MATCH = YES;
				"CODE_SIGN_IDENTITY[sdk=iphoneos*]" = "iPhone Developer";
				COPY_PHASE_STRIP = NO;
				GCC_C_LANGUAGE_STANDARD = gnu99;
				GCC_DYNAMIC_NO_PIC = NO;
				GCC_OPTIMIZATION_LEVEL = 0;
				GCC_PREPROCESSOR_DEFINITIONS = (
					"DEBUG=1",
					"$(inherited)",
				);
				GCC_SYMBOLS_PRIVATE_EXTERN = NO;
				GCC_WARN_64_TO_32_BIT_CONVERSION = YES;
				GCC_WARN_ABOUT_RETURN_TYPE = YES_ERROR;
				GCC_WARN_UNDECLARED_SELECTOR = YES;
				GCC_WARN_UNINITIALIZED_AUTOS = YES;
				GCC_WARN_UNUSED_FUNCTION = YES;
				GCC_WARN_UNUSED_VARIABLE = YES;
				IPHONEOS_DEPLOYMENT_TARGET = 7.0;
				ONLY_ACTIVE_ARCH = YES;
				SDKROOT = iphoneos;
				TARGETED_DEVICE_FAMILY = "1,2";
			};
			name = Debug;
		};
		AEF2ACF318BA990E000B2187 /* Release */ = {
			isa = XCBuildConfiguration;
			buildSettings = {
				ALWAYS_SEARCH_USER_PATHS = NO;
				ARCHS = "$(ARCHS_STANDARD_INCLUDING_64_BIT)";
				CLANG_CXX_LANGUAGE_STANDARD = "gnu++0x";
				CLANG_CXX_LIBRARY = "libc++";
				CLANG_ENABLE_MODULES = YES;
				CLANG_ENABLE_OBJC_ARC = YES;
				CLANG_WARN_BOOL_CONVERSION = YES;
				CLANG_WARN_CONSTANT_CONVERSION = YES;
				CLANG_WARN_DIRECT_OBJC_ISA_USAGE = YES_ERROR;
				CLANG_WARN_EMPTY_BODY = YES;
				CLANG_WARN_ENUM_CONVERSION = YES;
				CLANG_WARN_INT_CONVERSION = YES;
				CLANG_WARN_OBJC_ROOT_CLASS = YES_ERROR;
				CLANG_WARN__DUPLICATE_METHOD_MATCH = YES;
				"CODE_SIGN_IDENTITY[sdk=iphoneos*]" = "iPhone Developer";
				COPY_PHASE_STRIP = YES;
				ENABLE_NS_ASSERTIONS = NO;
				GCC_C_LANGUAGE_STANDARD = gnu99;
				GCC_WARN_64_TO_32_BIT_CONVERSION = YES;
				GCC_WARN_ABOUT_RETURN_TYPE = YES_ERROR;
				GCC_WARN_UNDECLARED_SELECTOR = YES;
				GCC_WARN_UNINITIALIZED_AUTOS = YES;
				GCC_WARN_UNUSED_FUNCTION = YES;
				GCC_WARN_UNUSED_VARIABLE = YES;
				IPHONEOS_DEPLOYMENT_TARGET = 7.0;
				SDKROOT = iphoneos;
				TARGETED_DEVICE_FAMILY = "1,2";
				VALIDATE_PRODUCT = YES;
			};
			name = Release;
		};
		AEF2ACF518BA990E000B2187 /* Debug */ = {
			isa = XCBuildConfiguration;
			buildSettings = {
				ASSETCATALOG_COMPILER_APPICON_NAME = AppIcon;
				ASSETCATALOG_COMPILER_LAUNCHIMAGE_NAME = LaunchImage;
				GCC_PRECOMPILE_PREFIX_HEADER = YES;
				GCC_PREFIX_HEADER = "SpriteKitDrag/SpriteKitDrag-Prefix.pch";
				INFOPLIST_FILE = "SpriteKitDrag/SpriteKitDrag-Info.plist";
				PRODUCT_NAME = "$(TARGET_NAME)";
				TARGETED_DEVICE_FAMILY = 1;
				WRAPPER_EXTENSION = app;
			};
			name = Debug;
		};
		AEF2ACF618BA990E000B2187 /* Release */ = {
			isa = XCBuildConfiguration;
			buildSettings = {
				ASSETCATALOG_COMPILER_APPICON_NAME = AppIcon;
				ASSETCATALOG_COMPILER_LAUNCHIMAGE_NAME = LaunchImage;
				GCC_PRECOMPILE_PREFIX_HEADER = YES;
				GCC_PREFIX_HEADER = "SpriteKitDrag/SpriteKitDrag-Prefix.pch";
				INFOPLIST_FILE = "SpriteKitDrag/SpriteKitDrag-Info.plist";
				PRODUCT_NAME = "$(TARGET_NAME)";
				TARGETED_DEVICE_FAMILY = 1;
				WRAPPER_EXTENSION = app;
			};
			name = Release;
		};
/* End XCBuildConfiguration section */

/* Begin XCConfigurationList section */
		AEF2ACBA18BA990E000B2187 /* Build configuration list for PBXProject "SpriteKitDrag" */ = {
			isa = XCConfigurationList;
			buildConfigurations = (
				AEF2ACF218BA990E000B2187 /* Debug */,
				AEF2ACF318BA990E000B2187 /* Release */,
			);
			defaultConfigurationIsVisible = 0;
			defaultConfigurationName = Release;
		};
		AEF2ACF418BA990E000B2187 /* Build configuration list for PBXNativeTarget "SpriteKitDrag" */ = {
			isa = XCConfigurationList;
			buildConfigurations = (
				AEF2ACF518BA990E000B2187 /* Debug */,
				AEF2ACF618BA990E000B2187 /* Release */,
			);
			defaultConfigurationIsVisible = 0;
			defaultConfigurationName = Release;
		};
/* End XCConfigurationList section */
	};
	rootObject = AEF2ACB718BA990E000B2187 /* Project object */;
}
